
Microsoft Visual Studio Solution File, Format Version 12.00
# Visual Studio 15
VisualStudioVersion = 15.0.28307.1972
MinimumVisualStudioVersion = 10.0.40219.1
Project("{8BC9CEB8-8B4A-11D0-8D11-00A0C91BC942}") = "plexus", "plexus.vcxproj", "{808DD786-E842-4067-9AFA-710B4B4788F0}"
EndProject
Global
	GlobalSection(SolutionConfigurationPlatforms) = preSolution
		Debug|x64 = Debug|x64
		Debug|x86 = Debug|x86
		Release|x64 = Release|x64
		Release|x86 = Release|x86
	EndGlobalSection
	GlobalSection(ProjectConfigurationPlatforms) = postSolution
		{808DD786-E842-4067-9AFA-710B4B4788F0}.Debug|x64.ActiveCfg = Debug|x64
		{808DD786-E842-4067-9AFA-710B4B4788F0}.Debug|x64.Build.0 = Debug|x64
		{808DD786-E842-4067-9AFA-710B4B4788F0}.Debug|x86.ActiveCfg = Debug|Win32
		{808DD786-E842-4067-9AFA-710B4B4788F0}.Debug|x86.Build.0 = Debug|Win32
		{808DD786-E842-4067-9AFA-710B4B4788F0}.Release|x64.ActiveCfg = Release|x64
		{808DD786-E842-4067-9AFA-710B4B4788F0}.Release|x64.Build.0 = Release|x64
		{808DD786-E842-4067-9AFA-710B4B4788F0}.Release|x86.ActiveCfg = Release|Win32
		{808DD786-E842-4067-9AFA-710B4B4788F0}.Release|x86.Build.0 = Release|Win32
	EndGlobalSection
	GlobalSection(SolutionProperties) = preSolution
		HideSolutionNode = FALSE
	EndGlobalSection
	GlobalSection(ExtensibilityGlobals) = postSolution
		SolutionGuid = {5FB5A44E-0675-42EB-A7BE-46769F6D2D58}
	EndGlobalSection
EndGlobal
